// !$*UTF8*$!
{
	archiveVersion = 1;
	classes = {
	};
	objectVersion = 46;
	objects = {

/* Begin PBXBuildFile section */
		22469256186040B5005878A3 /* Foundation.framework in Frameworks */ = {isa = PBXBuildFile; fileRef = 22469255186040B5005878A3 /* Foundation.framework */; };
		22469258186040B5005878A3 /* CoreGraphics.framework in Frameworks */ = {isa = PBXBuildFile; fileRef = 22469257186040B5005878A3 /* CoreGraphics.framework */; };
		2246925A186040B5005878A3 /* UIKit.framework in Frameworks */ = {isa = PBXBuildFile; fileRef = 22469259186040B5005878A3 /* UIKit.framework */; };
		22469260186040B5005878A3 /* InfoPlist.strings in Resources */ = {isa = PBXBuildFile; fileRef = 2246925E186040B5005878A3 /* InfoPlist.strings */; };
		22469262186040B5005878A3 /* main.m in Sources */ = {isa = PBXBuildFile; fileRef = 22469261186040B5005878A3 /* main.m */; };
		22469266186040B5005878A3 /* AppDelegate.m in Sources */ = {isa = PBXBuildFile; fileRef = 22469265186040B5005878A3 /* AppDelegate.m */; };
		22469268186040B5005878A3 /* Images.xcassets in Resources */ = {isa = PBXBuildFile; fileRef = 22469267186040B5005878A3 /* Images.xcassets */; };
		2246926F186040B5005878A3 /* XCTest.framework in Frameworks */ = {isa = PBXBuildFile; fileRef = 2246926E186040B5005878A3 /* XCTest.framework */; };
		22469270186040B5005878A3 /* Foundation.framework in Frameworks */ = {isa = PBXBuildFile; fileRef = 22469255186040B5005878A3 /* Foundation.framework */; };
		22469271186040B5005878A3 /* UIKit.framework in Frameworks */ = {isa = PBXBuildFile; fileRef = 22469259186040B5005878A3 /* UIKit.framework */; };
		22469279186040B5005878A3 /* InfoPlist.strings in Resources */ = {isa = PBXBuildFile; fileRef = 22469277186040B5005878A3 /* InfoPlist.strings */; };
		2246927B186040B5005878A3 /* Coffee_MeTests.m in Sources */ = {isa = PBXBuildFile; fileRef = 2246927A186040B5005878A3 /* Coffee_MeTests.m */; };
		2268E70C1860439100E4D4FF /* libMantle-iOS.a in Frameworks */ = {isa = PBXBuildFile; fileRef = 2268E7051860436900E4D4FF /* libMantle-iOS.a */; };
		2268E7111860D27900E4D4FF /* Storyboard.storyboard in Resources */ = {isa = PBXBuildFile; fileRef = 2268E7101860D27900E4D4FF /* Storyboard.storyboard */; };
		2268E7141860DF5000E4D4FF /* CoffeeMeClient.m in Sources */ = {isa = PBXBuildFile; fileRef = 2268E7131860DF5000E4D4FF /* CoffeeMeClient.m */; };
		2268E7391860E8EA00E4D4FF /* SystemConfiguration.framework in Frameworks */ = {isa = PBXBuildFile; fileRef = 2268E7381860E8EA00E4D4FF /* SystemConfiguration.framework */; };
		2268E73B1860E8F500E4D4FF /* MobileCoreServices.framework in Frameworks */ = {isa = PBXBuildFile; fileRef = 2268E73A1860E8F500E4D4FF /* MobileCoreServices.framework */; };
		2268E7501860E9A900E4D4FF /* AFHTTPClient.m in Sources */ = {isa = PBXBuildFile; fileRef = 2268E73E1860E9A900E4D4FF /* AFHTTPClient.m */; };
		2268E7511860E9A900E4D4FF /* AFHTTPRequestOperation.m in Sources */ = {isa = PBXBuildFile; fileRef = 2268E7401860E9A900E4D4FF /* AFHTTPRequestOperation.m */; };
		2268E7521860E9A900E4D4FF /* AFImageRequestOperation.m in Sources */ = {isa = PBXBuildFile; fileRef = 2268E7421860E9A900E4D4FF /* AFImageRequestOperation.m */; };
		2268E7531860E9A900E4D4FF /* AFJSONRequestOperation.m in Sources */ = {isa = PBXBuildFile; fileRef = 2268E7441860E9A900E4D4FF /* AFJSONRequestOperation.m */; };
		2268E7541860E9A900E4D4FF /* AFNetworkActivityIndicatorManager.m in Sources */ = {isa = PBXBuildFile; fileRef = 2268E7461860E9A900E4D4FF /* AFNetworkActivityIndicatorManager.m */; };
		2268E7551860E9A900E4D4FF /* AFPropertyListRequestOperation.m in Sources */ = {isa = PBXBuildFile; fileRef = 2268E7491860E9A900E4D4FF /* AFPropertyListRequestOperation.m */; };
		2268E7561860E9A900E4D4FF /* AFURLConnectionOperation.m in Sources */ = {isa = PBXBuildFile; fileRef = 2268E74B1860E9A900E4D4FF /* AFURLConnectionOperation.m */; };
		2268E7571860E9A900E4D4FF /* AFXMLRequestOperation.m in Sources */ = {isa = PBXBuildFile; fileRef = 2268E74D1860E9A900E4D4FF /* AFXMLRequestOperation.m */; };
		2268E7581860E9A900E4D4FF /* UIImageView+AFNetworking.m in Sources */ = {isa = PBXBuildFile; fileRef = 2268E74F1860E9A900E4D4FF /* UIImageView+AFNetworking.m */; };
		2268E75F1860ED4400E4D4FF /* UIColor+Utilities.m in Sources */ = {isa = PBXBuildFile; fileRef = 2268E75E1860ED4400E4D4FF /* UIColor+Utilities.m */; };
		2268E7631860F87300E4D4FF /* CRGradientNavigationBar.m in Sources */ = {isa = PBXBuildFile; fileRef = 2268E7621860F87300E4D4FF /* CRGradientNavigationBar.m */; };
		2268E7671860F93D00E4D4FF /* MainViewController.m in Sources */ = {isa = PBXBuildFile; fileRef = 2268E7651860F93D00E4D4FF /* MainViewController.m */; };
		2268E7681860F93D00E4D4FF /* MainViewController.xib in Resources */ = {isa = PBXBuildFile; fileRef = 2268E7661860F93D00E4D4FF /* MainViewController.xib */; };
		2268E76B1860FE7400E4D4FF /* Store.m in Sources */ = {isa = PBXBuildFile; fileRef = 2268E76A1860FE7400E4D4FF /* Store.m */; };
		2268E76E1861001900E4D4FF /* Address.m in Sources */ = {isa = PBXBuildFile; fileRef = 2268E76D1861001900E4D4FF /* Address.m */; };
		2268E771186100C500E4D4FF /* Coordinates.m in Sources */ = {isa = PBXBuildFile; fileRef = 2268E770186100C500E4D4FF /* Coordinates.m */; };
		2268E774186102CB00E4D4FF /* StoreItems.m in Sources */ = {isa = PBXBuildFile; fileRef = 2268E773186102CB00E4D4FF /* StoreItems.m */; };
/* End PBXBuildFile section */

/* Begin PBXContainerItemProxy section */
		22469272186040B5005878A3 /* PBXContainerItemProxy */ = {
			isa = PBXContainerItemProxy;
			containerPortal = 2246924A186040B5005878A3 /* Project object */;
			proxyType = 1;
			remoteGlobalIDString = 22469251186040B5005878A3;
			remoteInfo = "Coffee Me";
		};
		2268E7001860436900E4D4FF /* PBXContainerItemProxy */ = {
			isa = PBXContainerItemProxy;
			containerPortal = 2268E6F61860436800E4D4FF /* Mantle.xcodeproj */;
			proxyType = 2;
			remoteGlobalIDString = D042FC3C15F72B23004E8054;
			remoteInfo = Mantle;
		};
		2268E7021860436900E4D4FF /* PBXContainerItemProxy */ = {
			isa = PBXContainerItemProxy;
			containerPortal = 2268E6F61860436800E4D4FF /* Mantle.xcodeproj */;
			proxyType = 2;
			remoteGlobalIDString = D042FC5415F72B23004E8054;
			remoteInfo = "Mantle Tests";
		};
		2268E7041860436900E4D4FF /* PBXContainerItemProxy */ = {
			isa = PBXContainerItemProxy;
			containerPortal = 2268E6F61860436800E4D4FF /* Mantle.xcodeproj */;
			proxyType = 2;
			remoteGlobalIDString = D042FC7915F72BC7004E8054;
			remoteInfo = "Mantle-iOS";
		};
		2268E7061860436900E4D4FF /* PBXContainerItemProxy */ = {
			isa = PBXContainerItemProxy;
			containerPortal = 2268E6F61860436800E4D4FF /* Mantle.xcodeproj */;
			proxyType = 2;
			remoteGlobalIDString = D042FC8715F72BC7004E8054;
			remoteInfo = "Mantle-iOS Tests";
		};
		2268E7081860436900E4D4FF /* PBXContainerItemProxy */ = {
			isa = PBXContainerItemProxy;
			containerPortal = 2268E6F61860436800E4D4FF /* Mantle.xcodeproj */;
			proxyType = 2;
			remoteGlobalIDString = D0A56B461804B04900A84EDC;
			remoteInfo = "Mantle-Mac";
		};
		2268E70A1860438400E4D4FF /* PBXContainerItemProxy */ = {
			isa = PBXContainerItemProxy;
			containerPortal = 2268E6F61860436800E4D4FF /* Mantle.xcodeproj */;
			proxyType = 1;
			remoteGlobalIDString = D042FC7815F72BC7004E8054;
			remoteInfo = "Mantle-iOS";
		};
/* End PBXContainerItemProxy section */

/* Begin PBXFileReference section */
		22469252186040B5005878A3 /* Coffee Me.app */ = {isa = PBXFileReference; explicitFileType = wrapper.application; includeInIndex = 0; path = "Coffee Me.app"; sourceTree = BUILT_PRODUCTS_DIR; };
		22469255186040B5005878A3 /* Foundation.framework */ = {isa = PBXFileReference; lastKnownFileType = wrapper.framework; name = Foundation.framework; path = System/Library/Frameworks/Foundation.framework; sourceTree = SDKROOT; };
		22469257186040B5005878A3 /* CoreGraphics.framework */ = {isa = PBXFileReference; lastKnownFileType = wrapper.framework; name = CoreGraphics.framework; path = System/Library/Frameworks/CoreGraphics.framework; sourceTree = SDKROOT; };
		22469259186040B5005878A3 /* UIKit.framework */ = {isa = PBXFileReference; lastKnownFileType = wrapper.framework; name = UIKit.framework; path = System/Library/Frameworks/UIKit.framework; sourceTree = SDKROOT; };
		2246925D186040B5005878A3 /* Coffee Me-Info.plist */ = {isa = PBXFileReference; lastKnownFileType = text.plist.xml; path = "Coffee Me-Info.plist"; sourceTree = "<group>"; };
		2246925F186040B5005878A3 /* en */ = {isa = PBXFileReference; lastKnownFileType = text.plist.strings; name = en; path = en.lproj/InfoPlist.strings; sourceTree = "<group>"; };
		22469261186040B5005878A3 /* main.m */ = {isa = PBXFileReference; lastKnownFileType = sourcecode.c.objc; path = main.m; sourceTree = "<group>"; };
		22469263186040B5005878A3 /* Coffee Me-Prefix.pch */ = {isa = PBXFileReference; lastKnownFileType = sourcecode.c.h; path = "Coffee Me-Prefix.pch"; sourceTree = "<group>"; };
		22469264186040B5005878A3 /* AppDelegate.h */ = {isa = PBXFileReference; lastKnownFileType = sourcecode.c.h; path = AppDelegate.h; sourceTree = "<group>"; };
		22469265186040B5005878A3 /* AppDelegate.m */ = {isa = PBXFileReference; lastKnownFileType = sourcecode.c.objc; path = AppDelegate.m; sourceTree = "<group>"; };
		22469267186040B5005878A3 /* Images.xcassets */ = {isa = PBXFileReference; lastKnownFileType = folder.assetcatalog; path = Images.xcassets; sourceTree = "<group>"; };
		2246926D186040B5005878A3 /* Coffee MeTests.xctest */ = {isa = PBXFileReference; explicitFileType = wrapper.cfbundle; includeInIndex = 0; path = "Coffee MeTests.xctest"; sourceTree = BUILT_PRODUCTS_DIR; };
		2246926E186040B5005878A3 /* XCTest.framework */ = {isa = PBXFileReference; lastKnownFileType = wrapper.framework; name = XCTest.framework; path = Library/Frameworks/XCTest.framework; sourceTree = DEVELOPER_DIR; };
		22469276186040B5005878A3 /* Coffee MeTests-Info.plist */ = {isa = PBXFileReference; lastKnownFileType = text.plist.xml; path = "Coffee MeTests-Info.plist"; sourceTree = "<group>"; };
		22469278186040B5005878A3 /* en */ = {isa = PBXFileReference; lastKnownFileType = text.plist.strings; name = en; path = en.lproj/InfoPlist.strings; sourceTree = "<group>"; };
		2246927A186040B5005878A3 /* Coffee_MeTests.m */ = {isa = PBXFileReference; lastKnownFileType = sourcecode.c.objc; path = Coffee_MeTests.m; sourceTree = "<group>"; };
		2268E6F41860432500E4D4FF /* SenTestingKit.framework */ = {isa = PBXFileReference; lastKnownFileType = wrapper.framework; name = SenTestingKit.framework; path = Library/Frameworks/SenTestingKit.framework; sourceTree = DEVELOPER_DIR; };
		2268E6F61860436800E4D4FF /* Mantle.xcodeproj */ = {isa = PBXFileReference; lastKnownFileType = "wrapper.pb-project"; name = Mantle.xcodeproj; path = Mantle/Mantle.xcodeproj; sourceTree = "<group>"; };
		2268E7101860D27900E4D4FF /* Storyboard.storyboard */ = {isa = PBXFileReference; fileEncoding = 4; lastKnownFileType = file.storyboard; path = Storyboard.storyboard; sourceTree = "<group>"; };
		2268E7121860DF5000E4D4FF /* CoffeeMeClient.h */ = {isa = PBXFileReference; fileEncoding = 4; lastKnownFileType = sourcecode.c.h; path = CoffeeMeClient.h; sourceTree = "<group>"; };
		2268E7131860DF5000E4D4FF /* CoffeeMeClient.m */ = {isa = PBXFileReference; fileEncoding = 4; lastKnownFileType = sourcecode.c.objc; path = CoffeeMeClient.m; sourceTree = "<group>"; };
		2268E7381860E8EA00E4D4FF /* SystemConfiguration.framework */ = {isa = PBXFileReference; lastKnownFileType = wrapper.framework; name = SystemConfiguration.framework; path = System/Library/Frameworks/SystemConfiguration.framework; sourceTree = SDKROOT; };
		2268E73A1860E8F500E4D4FF /* MobileCoreServices.framework */ = {isa = PBXFileReference; lastKnownFileType = wrapper.framework; name = MobileCoreServices.framework; path = System/Library/Frameworks/MobileCoreServices.framework; sourceTree = SDKROOT; };
		2268E73D1860E9A900E4D4FF /* AFHTTPClient.h */ = {isa = PBXFileReference; fileEncoding = 4; lastKnownFileType = sourcecode.c.h; path = AFHTTPClient.h; sourceTree = "<group>"; };
		2268E73E1860E9A900E4D4FF /* AFHTTPClient.m */ = {isa = PBXFileReference; fileEncoding = 4; lastKnownFileType = sourcecode.c.objc; path = AFHTTPClient.m; sourceTree = "<group>"; };
		2268E73F1860E9A900E4D4FF /* AFHTTPRequestOperation.h */ = {isa = PBXFileReference; fileEncoding = 4; lastKnownFileType = sourcecode.c.h; path = AFHTTPRequestOperation.h; sourceTree = "<group>"; };
		2268E7401860E9A900E4D4FF /* AFHTTPRequestOperation.m */ = {isa = PBXFileReference; fileEncoding = 4; lastKnownFileType = sourcecode.c.objc; path = AFHTTPRequestOperation.m; sourceTree = "<group>"; };
		2268E7411860E9A900E4D4FF /* AFImageRequestOperation.h */ = {isa = PBXFileReference; fileEncoding = 4; lastKnownFileType = sourcecode.c.h; path = AFImageRequestOperation.h; sourceTree = "<group>"; };
		2268E7421860E9A900E4D4FF /* AFImageRequestOperation.m */ = {isa = PBXFileReference; fileEncoding = 4; lastKnownFileType = sourcecode.c.objc; path = AFImageRequestOperation.m; sourceTree = "<group>"; };
		2268E7431860E9A900E4D4FF /* AFJSONRequestOperation.h */ = {isa = PBXFileReference; fileEncoding = 4; lastKnownFileType = sourcecode.c.h; path = AFJSONRequestOperation.h; sourceTree = "<group>"; };
		2268E7441860E9A900E4D4FF /* AFJSONRequestOperation.m */ = {isa = PBXFileReference; fileEncoding = 4; lastKnownFileType = sourcecode.c.objc; path = AFJSONRequestOperation.m; sourceTree = "<group>"; };
		2268E7451860E9A900E4D4FF /* AFNetworkActivityIndicatorManager.h */ = {isa = PBXFileReference; fileEncoding = 4; lastKnownFileType = sourcecode.c.h; path = AFNetworkActivityIndicatorManager.h; sourceTree = "<group>"; };
		2268E7461860E9A900E4D4FF /* AFNetworkActivityIndicatorManager.m */ = {isa = PBXFileReference; fileEncoding = 4; lastKnownFileType = sourcecode.c.objc; path = AFNetworkActivityIndicatorManager.m; sourceTree = "<group>"; };
		2268E7471860E9A900E4D4FF /* AFNetworking.h */ = {isa = PBXFileReference; fileEncoding = 4; lastKnownFileType = sourcecode.c.h; path = AFNetworking.h; sourceTree = "<group>"; };
		2268E7481860E9A900E4D4FF /* AFPropertyListRequestOperation.h */ = {isa = PBXFileReference; fileEncoding = 4; lastKnownFileType = sourcecode.c.h; path = AFPropertyListRequestOperation.h; sourceTree = "<group>"; };
		2268E7491860E9A900E4D4FF /* AFPropertyListRequestOperation.m */ = {isa = PBXFileReference; fileEncoding = 4; lastKnownFileType = sourcecode.c.objc; path = AFPropertyListRequestOperation.m; sourceTree = "<group>"; };
		2268E74A1860E9A900E4D4FF /* AFURLConnectionOperation.h */ = {isa = PBXFileReference; fileEncoding = 4; lastKnownFileType = sourcecode.c.h; path = AFURLConnectionOperation.h; sourceTree = "<group>"; };
		2268E74B1860E9A900E4D4FF /* AFURLConnectionOperation.m */ = {isa = PBXFileReference; fileEncoding = 4; lastKnownFileType = sourcecode.c.objc; path = AFURLConnectionOperation.m; sourceTree = "<group>"; };
		2268E74C1860E9A900E4D4FF /* AFXMLRequestOperation.h */ = {isa = PBXFileReference; fileEncoding = 4; lastKnownFileType = sourcecode.c.h; path = AFXMLRequestOperation.h; sourceTree = "<group>"; };
		2268E74D1860E9A900E4D4FF /* AFXMLRequestOperation.m */ = {isa = PBXFileReference; fileEncoding = 4; lastKnownFileType = sourcecode.c.objc; path = AFXMLRequestOperation.m; sourceTree = "<group>"; };
		2268E74E1860E9A900E4D4FF /* UIImageView+AFNetworking.h */ = {isa = PBXFileReference; fileEncoding = 4; lastKnownFileType = sourcecode.c.h; path = "UIImageView+AFNetworking.h"; sourceTree = "<group>"; };
		2268E74F1860E9A900E4D4FF /* UIImageView+AFNetworking.m */ = {isa = PBXFileReference; fileEncoding = 4; lastKnownFileType = sourcecode.c.objc; path = "UIImageView+AFNetworking.m"; sourceTree = "<group>"; };
		2268E75D1860ED4400E4D4FF /* UIColor+Utilities.h */ = {isa = PBXFileReference; fileEncoding = 4; lastKnownFileType = sourcecode.c.h; path = "UIColor+Utilities.h"; sourceTree = "<group>"; };
		2268E75E1860ED4400E4D4FF /* UIColor+Utilities.m */ = {isa = PBXFileReference; fileEncoding = 4; lastKnownFileType = sourcecode.c.objc; path = "UIColor+Utilities.m"; sourceTree = "<group>"; };
		2268E7611860F87300E4D4FF /* CRGradientNavigationBar.h */ = {isa = PBXFileReference; fileEncoding = 4; lastKnownFileType = sourcecode.c.h; path = CRGradientNavigationBar.h; sourceTree = "<group>"; };
		2268E7621860F87300E4D4FF /* CRGradientNavigationBar.m */ = {isa = PBXFileReference; fileEncoding = 4; lastKnownFileType = sourcecode.c.objc; path = CRGradientNavigationBar.m; sourceTree = "<group>"; };
		2268E7641860F93D00E4D4FF /* MainViewController.h */ = {isa = PBXFileReference; fileEncoding = 4; lastKnownFileType = sourcecode.c.h; path = MainViewController.h; sourceTree = "<group>"; };
		2268E7651860F93D00E4D4FF /* MainViewController.m */ = {isa = PBXFileReference; fileEncoding = 4; lastKnownFileType = sourcecode.c.objc; path = MainViewController.m; sourceTree = "<group>"; };
		2268E7661860F93D00E4D4FF /* MainViewController.xib */ = {isa = PBXFileReference; fileEncoding = 4; lastKnownFileType = file.xib; path = MainViewController.xib; sourceTree = "<group>"; };
		2268E7691860FE7400E4D4FF /* Store.h */ = {isa = PBXFileReference; fileEncoding = 4; lastKnownFileType = sourcecode.c.h; path = Store.h; sourceTree = "<group>"; };
		2268E76A1860FE7400E4D4FF /* Store.m */ = {isa = PBXFileReference; fileEncoding = 4; lastKnownFileType = sourcecode.c.objc; path = Store.m; sourceTree = "<group>"; };
		2268E76C1861001900E4D4FF /* Address.h */ = {isa = PBXFileReference; fileEncoding = 4; lastKnownFileType = sourcecode.c.h; path = Address.h; sourceTree = "<group>"; };
		2268E76D1861001900E4D4FF /* Address.m */ = {isa = PBXFileReference; fileEncoding = 4; lastKnownFileType = sourcecode.c.objc; path = Address.m; sourceTree = "<group>"; };
		2268E76F186100C500E4D4FF /* Coordinates.h */ = {isa = PBXFileReference; fileEncoding = 4; lastKnownFileType = sourcecode.c.h; path = Coordinates.h; sourceTree = "<group>"; };
		2268E770186100C500E4D4FF /* Coordinates.m */ = {isa = PBXFileReference; fileEncoding = 4; lastKnownFileType = sourcecode.c.objc; path = Coordinates.m; sourceTree = "<group>"; };
		2268E772186102CB00E4D4FF /* StoreItems.h */ = {isa = PBXFileReference; fileEncoding = 4; lastKnownFileType = sourcecode.c.h; path = StoreItems.h; sourceTree = "<group>"; };
		2268E773186102CB00E4D4FF /* StoreItems.m */ = {isa = PBXFileReference; fileEncoding = 4; lastKnownFileType = sourcecode.c.objc; path = StoreItems.m; sourceTree = "<group>"; };
/* End PBXFileReference section */

/* Begin PBXFrameworksBuildPhase section */
		2246924F186040B5005878A3 /* Frameworks */ = {
			isa = PBXFrameworksBuildPhase;
			buildActionMask = 2147483647;
			files = (
				2268E70C1860439100E4D4FF /* libMantle-iOS.a in Frameworks */,
				2268E73B1860E8F500E4D4FF /* MobileCoreServices.framework in Frameworks */,
				2268E7391860E8EA00E4D4FF /* SystemConfiguration.framework in Frameworks */,
				22469258186040B5005878A3 /* CoreGraphics.framework in Frameworks */,
				2246925A186040B5005878A3 /* UIKit.framework in Frameworks */,
				22469256186040B5005878A3 /* Foundation.framework in Frameworks */,
			);
			runOnlyForDeploymentPostprocessing = 0;
		};
		2246926A186040B5005878A3 /* Frameworks */ = {
			isa = PBXFrameworksBuildPhase;
			buildActionMask = 2147483647;
			files = (
				2246926F186040B5005878A3 /* XCTest.framework in Frameworks */,
				22469271186040B5005878A3 /* UIKit.framework in Frameworks */,
				22469270186040B5005878A3 /* Foundation.framework in Frameworks */,
			);
			runOnlyForDeploymentPostprocessing = 0;
		};
/* End PBXFrameworksBuildPhase section */

/* Begin PBXGroup section */
		22469249186040B5005878A3 = {
			isa = PBXGroup;
			children = (
				22469284186040FD005878A3 /* Libraries */,
				2246925B186040B5005878A3 /* Coffee Me */,
				22469274186040B5005878A3 /* Coffee MeTests */,
				22469254186040B5005878A3 /* Frameworks */,
				22469253186040B5005878A3 /* Products */,
			);
			sourceTree = "<group>";
		};
		22469253186040B5005878A3 /* Products */ = {
			isa = PBXGroup;
			children = (
				22469252186040B5005878A3 /* Coffee Me.app */,
				2246926D186040B5005878A3 /* Coffee MeTests.xctest */,
			);
			name = Products;
			sourceTree = "<group>";
		};
		22469254186040B5005878A3 /* Frameworks */ = {
			isa = PBXGroup;
			children = (
				2268E73A1860E8F500E4D4FF /* MobileCoreServices.framework */,
				2268E7381860E8EA00E4D4FF /* SystemConfiguration.framework */,
				2268E6F41860432500E4D4FF /* SenTestingKit.framework */,
				22469255186040B5005878A3 /* Foundation.framework */,
				22469257186040B5005878A3 /* CoreGraphics.framework */,
				22469259186040B5005878A3 /* UIKit.framework */,
				2246926E186040B5005878A3 /* XCTest.framework */,
			);
			name = Frameworks;
			sourceTree = "<group>";
		};
		2246925B186040B5005878A3 /* Coffee Me */ = {
			isa = PBXGroup;
			children = (
				2268E70D1860D0CC00E4D4FF /* Controllers */,
				2268E70E1860D0CC00E4D4FF /* Models */,
				2268E70F1860D0CC00E4D4FF /* Views  */,
				22469264186040B5005878A3 /* AppDelegate.h */,
				22469265186040B5005878A3 /* AppDelegate.m */,
				2268E7121860DF5000E4D4FF /* CoffeeMeClient.h */,
				2268E7131860DF5000E4D4FF /* CoffeeMeClient.m */,
				22469267186040B5005878A3 /* Images.xcassets */,
				2246925C186040B5005878A3 /* Supporting Files */,
				2268E7101860D27900E4D4FF /* Storyboard.storyboard */,
				2268E7641860F93D00E4D4FF /* MainViewController.h */,
				2268E7651860F93D00E4D4FF /* MainViewController.m */,
				2268E7661860F93D00E4D4FF /* MainViewController.xib */,
			);
			path = "Coffee Me";
			sourceTree = "<group>";
		};
		2246925C186040B5005878A3 /* Supporting Files */ = {
			isa = PBXGroup;
			children = (
				2246925D186040B5005878A3 /* Coffee Me-Info.plist */,
				2246925E186040B5005878A3 /* InfoPlist.strings */,
				22469261186040B5005878A3 /* main.m */,
				22469263186040B5005878A3 /* Coffee Me-Prefix.pch */,
			);
			name = "Supporting Files";
			sourceTree = "<group>";
		};
		22469274186040B5005878A3 /* Coffee MeTests */ = {
			isa = PBXGroup;
			children = (
				2246927A186040B5005878A3 /* Coffee_MeTests.m */,
				22469275186040B5005878A3 /* Supporting Files */,
			);
			path = "Coffee MeTests";
			sourceTree = "<group>";
		};
		22469275186040B5005878A3 /* Supporting Files */ = {
			isa = PBXGroup;
			children = (
				22469276186040B5005878A3 /* Coffee MeTests-Info.plist */,
				22469277186040B5005878A3 /* InfoPlist.strings */,
			);
			name = "Supporting Files";
			sourceTree = "<group>";
		};
		22469284186040FD005878A3 /* Libraries */ = {
			isa = PBXGroup;
			children = (
				2268E7601860F87300E4D4FF /* CRGradientNavigationBar */,
				2268E73C1860E9A900E4D4FF /* AFNetworking */,
				2268E6F61860436800E4D4FF /* Mantle.xcodeproj */,
			);
			path = Libraries;
			sourceTree = "<group>";
		};
		2268E6F71860436800E4D4FF /* Products */ = {
			isa = PBXGroup;
			children = (
				2268E7011860436900E4D4FF /* Mantle.framework */,
				2268E7031860436900E4D4FF /* Mantle Tests.octest */,
				2268E7051860436900E4D4FF /* libMantle-iOS.a */,
				2268E7071860436900E4D4FF /* Mantle-iOS Tests.octest */,
				2268E7091860436900E4D4FF /* libMantle-Mac.a */,
			);
			name = Products;
			sourceTree = "<group>";
		};
		2268E70D1860D0CC00E4D4FF /* Controllers */ = {
			isa = PBXGroup;
			children = (
			);
			path = Controllers;
			sourceTree = "<group>";
		};
		2268E70E1860D0CC00E4D4FF /* Models */ = {
			isa = PBXGroup;
			children = (
				2268E772186102CB00E4D4FF /* StoreItems.h */,
				2268E773186102CB00E4D4FF /* StoreItems.m */,
				2268E7691860FE7400E4D4FF /* Store.h */,
				2268E76A1860FE7400E4D4FF /* Store.m */,
				2268E76C1861001900E4D4FF /* Address.h */,
				2268E76D1861001900E4D4FF /* Address.m */,
				2268E76F186100C500E4D4FF /* Coordinates.h */,
				2268E770186100C500E4D4FF /* Coordinates.m */,
				2268E7591860ECE000E4D4FF /* Categories */,
			);
			path = Models;
			sourceTree = "<group>";
		};
		2268E70F1860D0CC00E4D4FF /* Views  */ = {
			isa = PBXGroup;
			children = (
			);
			path = "Views ";
			sourceTree = "<group>";
		};
		2268E73C1860E9A900E4D4FF /* AFNetworking */ = {
			isa = PBXGroup;
			children = (
				2268E73D1860E9A900E4D4FF /* AFHTTPClient.h */,
				2268E73E1860E9A900E4D4FF /* AFHTTPClient.m */,
				2268E73F1860E9A900E4D4FF /* AFHTTPRequestOperation.h */,
				2268E7401860E9A900E4D4FF /* AFHTTPRequestOperation.m */,
				2268E7411860E9A900E4D4FF /* AFImageRequestOperation.h */,
				2268E7421860E9A900E4D4FF /* AFImageRequestOperation.m */,
				2268E7431860E9A900E4D4FF /* AFJSONRequestOperation.h */,
				2268E7441860E9A900E4D4FF /* AFJSONRequestOperation.m */,
				2268E7451860E9A900E4D4FF /* AFNetworkActivityIndicatorManager.h */,
				2268E7461860E9A900E4D4FF /* AFNetworkActivityIndicatorManager.m */,
				2268E7471860E9A900E4D4FF /* AFNetworking.h */,
				2268E7481860E9A900E4D4FF /* AFPropertyListRequestOperation.h */,
				2268E7491860E9A900E4D4FF /* AFPropertyListRequestOperation.m */,
				2268E74A1860E9A900E4D4FF /* AFURLConnectionOperation.h */,
				2268E74B1860E9A900E4D4FF /* AFURLConnectionOperation.m */,
				2268E74C1860E9A900E4D4FF /* AFXMLRequestOperation.h */,
				2268E74D1860E9A900E4D4FF /* AFXMLRequestOperation.m */,
				2268E74E1860E9A900E4D4FF /* UIImageView+AFNetworking.h */,
				2268E74F1860E9A900E4D4FF /* UIImageView+AFNetworking.m */,
			);
			name = AFNetworking;
			path = AFNetworking/AFNetworking;
			sourceTree = "<group>";
		};
		2268E7591860ECE000E4D4FF /* Categories */ = {
			isa = PBXGroup;
			children = (
				2268E75D1860ED4400E4D4FF /* UIColor+Utilities.h */,
				2268E75E1860ED4400E4D4FF /* UIColor+Utilities.m */,
			);
			path = Categories;
			sourceTree = "<group>";
		};
		2268E7601860F87300E4D4FF /* CRGradientNavigationBar */ = {
			isa = PBXGroup;
			children = (
				2268E7611860F87300E4D4FF /* CRGradientNavigationBar.h */,
				2268E7621860F87300E4D4FF /* CRGradientNavigationBar.m */,
			);
			name = CRGradientNavigationBar;
			path = CRGradientNavigationBar/CRGradientNavigationBar;
			sourceTree = "<group>";
		};
/* End PBXGroup section */

/* Begin PBXNativeTarget section */
		22469251186040B5005878A3 /* Coffee Me */ = {
			isa = PBXNativeTarget;
			buildConfigurationList = 2246927E186040B5005878A3 /* Build configuration list for PBXNativeTarget "Coffee Me" */;
			buildPhases = (
				2246924E186040B5005878A3 /* Sources */,
				2246924F186040B5005878A3 /* Frameworks */,
				22469250186040B5005878A3 /* Resources */,
			);
			buildRules = (
			);
			dependencies = (
				2268E70B1860438400E4D4FF /* PBXTargetDependency */,
			);
			name = "Coffee Me";
			productName = "Coffee Me";
			productReference = 22469252186040B5005878A3 /* Coffee Me.app */;
			productType = "com.apple.product-type.application";
		};
		2246926C186040B5005878A3 /* Coffee MeTests */ = {
			isa = PBXNativeTarget;
			buildConfigurationList = 22469281186040B5005878A3 /* Build configuration list for PBXNativeTarget "Coffee MeTests" */;
			buildPhases = (
				22469269186040B5005878A3 /* Sources */,
				2246926A186040B5005878A3 /* Frameworks */,
				2246926B186040B5005878A3 /* Resources */,
			);
			buildRules = (
			);
			dependencies = (
				22469273186040B5005878A3 /* PBXTargetDependency */,
			);
			name = "Coffee MeTests";
			productName = "Coffee MeTests";
			productReference = 2246926D186040B5005878A3 /* Coffee MeTests.xctest */;
			productType = "com.apple.product-type.bundle.unit-test";
		};
/* End PBXNativeTarget section */

/* Begin PBXProject section */
		2246924A186040B5005878A3 /* Project object */ = {
			isa = PBXProject;
			attributes = {
				LastUpgradeCheck = 0500;
				ORGANIZATIONNAME = "Christian Roman";
				TargetAttributes = {
					2246926C186040B5005878A3 = {
						TestTargetID = 22469251186040B5005878A3;
					};
				};
			};
			buildConfigurationList = 2246924D186040B5005878A3 /* Build configuration list for PBXProject "Coffee Me" */;
			compatibilityVersion = "Xcode 3.2";
			developmentRegion = English;
			hasScannedForEncodings = 0;
			knownRegions = (
				en,
			);
			mainGroup = 22469249186040B5005878A3;
			productRefGroup = 22469253186040B5005878A3 /* Products */;
			projectDirPath = "";
			projectReferences = (
				{
					ProductGroup = 2268E6F71860436800E4D4FF /* Products */;
					ProjectRef = 2268E6F61860436800E4D4FF /* Mantle.xcodeproj */;
				},
			);
			projectRoot = "";
			targets = (
				22469251186040B5005878A3 /* Coffee Me */,
				2246926C186040B5005878A3 /* Coffee MeTests */,
			);
		};
/* End PBXProject section */

/* Begin PBXReferenceProxy section */
		2268E7011860436900E4D4FF /* Mantle.framework */ = {
			isa = PBXReferenceProxy;
			fileType = wrapper.framework;
			path = Mantle.framework;
			remoteRef = 2268E7001860436900E4D4FF /* PBXContainerItemProxy */;
			sourceTree = BUILT_PRODUCTS_DIR;
		};
		2268E7031860436900E4D4FF /* Mantle Tests.octest */ = {
			isa = PBXReferenceProxy;
			fileType = wrapper.cfbundle;
			path = "Mantle Tests.octest";
			remoteRef = 2268E7021860436900E4D4FF /* PBXContainerItemProxy */;
			sourceTree = BUILT_PRODUCTS_DIR;
		};
		2268E7051860436900E4D4FF /* libMantle-iOS.a */ = {
			isa = PBXReferenceProxy;
			fileType = archive.ar;
			path = "libMantle-iOS.a";
			remoteRef = 2268E7041860436900E4D4FF /* PBXContainerItemProxy */;
			sourceTree = BUILT_PRODUCTS_DIR;
		};
		2268E7071860436900E4D4FF /* Mantle-iOS Tests.octest */ = {
			isa = PBXReferenceProxy;
			fileType = wrapper.cfbundle;
			path = "Mantle-iOS Tests.octest";
			remoteRef = 2268E7061860436900E4D4FF /* PBXContainerItemProxy */;
			sourceTree = BUILT_PRODUCTS_DIR;
		};
		2268E7091860436900E4D4FF /* libMantle-Mac.a */ = {
			isa = PBXReferenceProxy;
			fileType = archive.ar;
			path = "libMantle-Mac.a";
			remoteRef = 2268E7081860436900E4D4FF /* PBXContainerItemProxy */;
			sourceTree = BUILT_PRODUCTS_DIR;
		};
/* End PBXReferenceProxy section */

/* Begin PBXResourcesBuildPhase section */
		22469250186040B5005878A3 /* Resources */ = {
			isa = PBXResourcesBuildPhase;
			buildActionMask = 2147483647;
			files = (
				22469260186040B5005878A3 /* InfoPlist.strings in Resources */,
				22469268186040B5005878A3 /* Images.xcassets in Resources */,
				2268E7111860D27900E4D4FF /* Storyboard.storyboard in Resources */,
				2268E7681860F93D00E4D4FF /* MainViewController.xib in Resources */,
			);
			runOnlyForDeploymentPostprocessing = 0;
		};
		2246926B186040B5005878A3 /* Resources */ = {
			isa = PBXResourcesBuildPhase;
			buildActionMask = 2147483647;
			files = (
				22469279186040B5005878A3 /* InfoPlist.strings in Resources */,
			);
			runOnlyForDeploymentPostprocessing = 0;
		};
/* End PBXResourcesBuildPhase section */

/* Begin PBXSourcesBuildPhase section */
		2246924E186040B5005878A3 /* Sources */ = {
			isa = PBXSourcesBuildPhase;
			buildActionMask = 2147483647;
			files = (
				2268E7521860E9A900E4D4FF /* AFImageRequestOperation.m in Sources */,
				2268E7141860DF5000E4D4FF /* CoffeeMeClient.m in Sources */,
				2268E76E1861001900E4D4FF /* Address.m in Sources */,
				2268E771186100C500E4D4FF /* Coordinates.m in Sources */,
				2268E75F1860ED4400E4D4FF /* UIColor+Utilities.m in Sources */,
				2268E7551860E9A900E4D4FF /* AFPropertyListRequestOperation.m in Sources */,
				2268E774186102CB00E4D4FF /* StoreItems.m in Sources */,
				22469266186040B5005878A3 /* AppDelegate.m in Sources */,
				2268E7561860E9A900E4D4FF /* AFURLConnectionOperation.m in Sources */,
				2268E7631860F87300E4D4FF /* CRGradientNavigationBar.m in Sources */,
				2268E7571860E9A900E4D4FF /* AFXMLRequestOperation.m in Sources */,
				2268E7531860E9A900E4D4FF /* AFJSONRequestOperation.m in Sources */,
				2268E7581860E9A900E4D4FF /* UIImageView+AFNetworking.m in Sources */,
				2268E7541860E9A900E4D4FF /* AFNetworkActivityIndicatorManager.m in Sources */,
				2268E7511860E9A900E4D4FF /* AFHTTPRequestOperation.m in Sources */,
				22469262186040B5005878A3 /* main.m in Sources */,
				2268E7671860F93D00E4D4FF /* MainViewController.m in Sources */,
				2268E7501860E9A900E4D4FF /* AFHTTPClient.m in Sources */,
				2268E76B1860FE7400E4D4FF /* Store.m in Sources */,
			);
			runOnlyForDeploymentPostprocessing = 0;
		};
		22469269186040B5005878A3 /* Sources */ = {
			isa = PBXSourcesBuildPhase;
			buildActionMask = 2147483647;
			files = (
				2246927B186040B5005878A3 /* Coffee_MeTests.m in Sources */,
			);
			runOnlyForDeploymentPostprocessing = 0;
		};
/* End PBXSourcesBuildPhase section */

/* Begin PBXTargetDependency section */
		22469273186040B5005878A3 /* PBXTargetDependency */ = {
			isa = PBXTargetDependency;
			target = 22469251186040B5005878A3 /* Coffee Me */;
			targetProxy = 22469272186040B5005878A3 /* PBXContainerItemProxy */;
		};
		2268E70B1860438400E4D4FF /* PBXTargetDependency */ = {
			isa = PBXTargetDependency;
			name = "Mantle-iOS";
			targetProxy = 2268E70A1860438400E4D4FF /* PBXContainerItemProxy */;
		};
/* End PBXTargetDependency section */

/* Begin PBXVariantGroup section */
		2246925E186040B5005878A3 /* InfoPlist.strings */ = {
			isa = PBXVariantGroup;
			children = (
				2246925F186040B5005878A3 /* en */,
			);
			name = InfoPlist.strings;
			sourceTree = "<group>";
		};
		22469277186040B5005878A3 /* InfoPlist.strings */ = {
			isa = PBXVariantGroup;
			children = (
				22469278186040B5005878A3 /* en */,
			);
			name = InfoPlist.strings;
			sourceTree = "<group>";
		};
/* End PBXVariantGroup section */

/* Begin XCBuildConfiguration section */
		2246927C186040B5005878A3 /* Debug */ = {
			isa = XCBuildConfiguration;
			buildSettings = {
				ALWAYS_SEARCH_USER_PATHS = NO;
				ARCHS = "$(ARCHS_STANDARD_INCLUDING_64_BIT)";
				CLANG_CXX_LANGUAGE_STANDARD = "gnu++0x";
				CLANG_CXX_LIBRARY = "libc++";
				CLANG_ENABLE_MODULES = YES;
				CLANG_ENABLE_OBJC_ARC = YES;
				CLANG_WARN_BOOL_CONVERSION = YES;
				CLANG_WARN_CONSTANT_CONVERSION = YES;
				CLANG_WARN_DIRECT_OBJC_ISA_USAGE = YES_ERROR;
				CLANG_WARN_EMPTY_BODY = YES;
				CLANG_WARN_ENUM_CONVERSION = YES;
				CLANG_WARN_INT_CONVERSION = YES;
				CLANG_WARN_OBJC_ROOT_CLASS = YES_ERROR;
				CLANG_WARN__DUPLICATE_METHOD_MATCH = YES;
				"CODE_SIGN_IDENTITY[sdk=iphoneos*]" = "iPhone Developer";
				COPY_PHASE_STRIP = NO;
				GCC_C_LANGUAGE_STANDARD = gnu99;
				GCC_DYNAMIC_NO_PIC = NO;
				GCC_OPTIMIZATION_LEVEL = 0;
				GCC_PREPROCESSOR_DEFINITIONS = (
					"DEBUG=1",
					"$(inherited)",
				);
				GCC_SYMBOLS_PRIVATE_EXTERN = NO;
				GCC_WARN_64_TO_32_BIT_CONVERSION = YES;
				GCC_WARN_ABOUT_RETURN_TYPE = YES_ERROR;
				GCC_WARN_UNDECLARED_SELECTOR = YES;
				GCC_WARN_UNINITIALIZED_AUTOS = YES;
				GCC_WARN_UNUSED_FUNCTION = YES;
				GCC_WARN_UNUSED_VARIABLE = YES;
				IPHONEOS_DEPLOYMENT_TARGET = 7.0;
				ONLY_ACTIVE_ARCH = YES;
				SDKROOT = iphoneos;
			};
			name = Debug;
		};
		2246927D186040B5005878A3 /* Release */ = {
			isa = XCBuildConfiguration;
			buildSettings = {
				ALWAYS_SEARCH_USER_PATHS = NO;
				ARCHS = "$(ARCHS_STANDARD_INCLUDING_64_BIT)";
				CLANG_CXX_LANGUAGE_STANDARD = "gnu++0x";
				CLANG_CXX_LIBRARY = "libc++";
				CLANG_ENABLE_MODULES = YES;
				CLANG_ENABLE_OBJC_ARC = YES;
				CLANG_WARN_BOOL_CONVERSION = YES;
				CLANG_WARN_CONSTANT_CONVERSION = YES;
				CLANG_WARN_DIRECT_OBJC_ISA_USAGE = YES_ERROR;
				CLANG_WARN_EMPTY_BODY = YES;
				CLANG_WARN_ENUM_CONVERSION = YES;
				CLANG_WARN_INT_CONVERSION = YES;
				CLANG_WARN_OBJC_ROOT_CLASS = YES_ERROR;
				CLANG_WARN__DUPLICATE_METHOD_MATCH = YES;
				"CODE_SIGN_IDENTITY[sdk=iphoneos*]" = "iPhone Developer";
				COPY_PHASE_STRIP = YES;
				ENABLE_NS_ASSERTIONS = NO;
				GCC_C_LANGUAGE_STANDARD = gnu99;
				GCC_WARN_64_TO_32_BIT_CONVERSION = YES;
				GCC_WARN_ABOUT_RETURN_TYPE = YES_ERROR;
				GCC_WARN_UNDECLARED_SELECTOR = YES;
				GCC_WARN_UNINITIALIZED_AUTOS = YES;
				GCC_WARN_UNUSED_FUNCTION = YES;
				GCC_WARN_UNUSED_VARIABLE = YES;
				IPHONEOS_DEPLOYMENT_TARGET = 7.0;
				SDKROOT = iphoneos;
				VALIDATE_PRODUCT = YES;
			};
			name = Release;
		};
		2246927F186040B5005878A3 /* Debug */ = {
			isa = XCBuildConfiguration;
			buildSettings = {
				ASSETCATALOG_COMPILER_APPICON_NAME = AppIcon;
				ASSETCATALOG_COMPILER_LAUNCHIMAGE_NAME = LaunchImage;
				FRAMEWORK_SEARCH_PATHS = (
					"$(inherited)",
					"$(DEVELOPER_FRAMEWORKS_DIR)",
				);
				GCC_PRECOMPILE_PREFIX_HEADER = YES;
				GCC_PREFIX_HEADER = "Coffee Me/Coffee Me-Prefix.pch";
				INFOPLIST_FILE = "Coffee Me/Coffee Me-Info.plist";
				LIBRARY_SEARCH_PATHS = (
					"$(inherited)",
					"/Users/chroman/Desktop/Coffee\\ Me/Libraries/Mantle/MantleTests/specta/test/vendor/expecta",
				);
				OTHER_LDFLAGS = "-ObjC";
				PRODUCT_NAME = "$(TARGET_NAME)";
				WRAPPER_EXTENSION = app;
			};
			name = Debug;
		};
		22469280186040B5005878A3 /* Release */ = {
			isa = XCBuildConfiguration;
			buildSettings = {
				ASSETCATALOG_COMPILER_APPICON_NAME = AppIcon;
				ASSETCATALOG_COMPILER_LAUNCHIMAGE_NAME = LaunchImage;
				FRAMEWORK_SEARCH_PATHS = (
					"$(inherited)",
					"$(DEVELOPER_FRAMEWORKS_DIR)",
				);
				GCC_PRECOMPILE_PREFIX_HEADER = YES;
				GCC_PREFIX_HEADER = "Coffee Me/Coffee Me-Prefix.pch";
				INFOPLIST_FILE = "Coffee Me/Coffee Me-Info.plist";
				LIBRARY_SEARCH_PATHS = (
					"$(inherited)",
					"/Users/chroman/Desktop/Coffee\\ Me/Libraries/Mantle/MantleTests/specta/test/vendor/expecta",
				);
				OTHER_LDFLAGS = "-ObjC";
				PRODUCT_NAME = "$(TARGET_NAME)";
				WRAPPER_EXTENSION = app;
			};
			name = Release;
		};
		22469282186040B5005878A3 /* Debug */ = {
			isa = XCBuildConfiguration;
			buildSettings = {
				ARCHS = "$(ARCHS_STANDARD_INCLUDING_64_BIT)";
				BUNDLE_LOADER = "$(BUILT_PRODUCTS_DIR)/Coffee Me.app/Coffee Me";
				FRAMEWORK_SEARCH_PATHS = (
					"$(SDKROOT)/Developer/Library/Frameworks",
					"$(inherited)",
					"$(DEVELOPER_FRAMEWORKS_DIR)",
				);
				GCC_PRECOMPILE_PREFIX_HEADER = YES;
				GCC_PREFIX_HEADER = "Coffee Me/Coffee Me-Prefix.pch";
				GCC_PREPROCESSOR_DEFINITIONS = (
					"DEBUG=1",
					"$(inherited)",
				);
				INFOPLIST_FILE = "Coffee MeTests/Coffee MeTests-Info.plist";
				PRODUCT_NAME = "$(TARGET_NAME)";
				TEST_HOST = "$(BUNDLE_LOADER)";
				WRAPPER_EXTENSION = xctest;
			};
			name = Debug;
		};
		22469283186040B5005878A3 /* Release */ = {
			isa = XCBuildConfiguration;
			buildSettings = {
				ARCHS = "$(ARCHS_STANDARD_INCLUDING_64_BIT)";
				BUNDLE_LOADER = "$(BUILT_PRODUCTS_DIR)/Coffee Me.app/Coffee Me";
				FRAMEWORK_SEARCH_PATHS = (
					"$(SDKROOT)/Developer/Library/Frameworks",
					"$(inherited)",
					"$(DEVELOPER_FRAMEWORKS_DIR)",
				);
				GCC_PRECOMPILE_PREFIX_HEADER = YES;
				GCC_PREFIX_HEADER = "Coffee Me/Coffee Me-Prefix.pch";
				INFOPLIST_FILE = "Coffee MeTests/Coffee MeTests-Info.plist";
				PRODUCT_NAME = "$(TARGET_NAME)";
				TEST_HOST = "$(BUNDLE_LOADER)";
				WRAPPER_EXTENSION = xctest;
			};
			name = Release;
		};
/* End XCBuildConfiguration section */

/* Begin XCConfigurationList section */
		2246924D186040B5005878A3 /* Build configuration list for PBXProject "Coffee Me" */ = {
			isa = XCConfigurationList;
			buildConfigurations = (
				2246927C186040B5005878A3 /* Debug */,
				2246927D186040B5005878A3 /* Release */,
			);
			defaultConfigurationIsVisible = 0;
			defaultConfigurationName = Release;
		};
		2246927E186040B5005878A3 /* Build configuration list for PBXNativeTarget "Coffee Me" */ = {
			isa = XCConfigurationList;
			buildConfigurations = (
				2246927F186040B5005878A3 /* Debug */,
				22469280186040B5005878A3 /* Release */,
			);
			defaultConfigurationIsVisible = 0;
			defaultConfigurationName = Release;
		};
		22469281186040B5005878A3 /* Build configuration list for PBXNativeTarget "Coffee MeTests" */ = {
			isa = XCConfigurationList;
			buildConfigurations = (
				22469282186040B5005878A3 /* Debug */,
				22469283186040B5005878A3 /* Release */,
			);
			defaultConfigurationIsVisible = 0;
			defaultConfigurationName = Release;
		};
/* End XCConfigurationList section */
	};
	rootObject = 2246924A186040B5005878A3 /* Project object */;
}
